
Microsoft Visual Studio Solution File, Format Version 12.00
# Visual Studio Version 16
VisualStudioVersion = 16.0.30611.23
MinimumVisualStudioVersion = 10.0.40219.1
Project("{FAE04EC0-301F-11D3-BF4B-00C04F79EFBC}") = "InventoryService", "InventoryService.csproj", "{6C489C72-CEBC-458E-988C-BFD9EF4F8A9C}"
EndProject
Project("{9A19103F-16F7-4668-BE54-9A1E7A4F7556}") = "Model", "..\Model\Model.csproj", "{3211191B-11D4-479D-8F58-1678FD78FB1E}"
EndProject
Global
	GlobalSection(SolutionConfigurationPlatforms) = preSolution
		Debug|Any CPU = Debug|Any CPU
		Release|Any CPU = Release|Any CPU
	EndGlobalSection
	GlobalSection(ProjectConfigurationPlatforms) = postSolution
		{6C489C72-CEBC-458E-988C-BFD9EF4F8A9C}.Debug|Any CPU.ActiveCfg = Debug|Any CPU
		{6C489C72-CEBC-458E-988C-BFD9EF4F8A9C}.Debug|Any CPU.Build.0 = Debug|Any CPU
		{6C489C72-CEBC-458E-988C-BFD9EF4F8A9C}.Release|Any CPU.ActiveCfg = Release|Any CPU
		{6C489C72-CEBC-458E-988C-BFD9EF4F8A9C}.Release|Any CPU.Build.0 = Release|Any CPU
		{3211191B-11D4-479D-8F58-1678FD78FB1E}.Debug|Any CPU.ActiveCfg = Debug|Any CPU
		{3211191B-11D4-479D-8F58-1678FD78FB1E}.Debug|Any CPU.Build.0 = Debug|Any CPU
		{3211191B-11D4-479D-8F58-1678FD78FB1E}.Release|Any CPU.ActiveCfg = Release|Any CPU
		{3211191B-11D4-479D-8F58-1678FD78FB1E}.Release|Any CPU.Build.0 = Release|Any CPU
	EndGlobalSection
	GlobalSection(SolutionProperties) = preSolution
		HideSolutionNode = FALSE
	EndGlobalSection
	GlobalSection(ExtensibilityGlobals) = postSolution
		SolutionGuid = {2FD17387-AE3D-4A8C-A66C-9292E5D93841}
	EndGlobalSection
EndGlobal
